
Microsoft Visual Studio Solution File, Format Version 12.00
# Visual Studio 15
Project("{FAE04EC0-301F-11D3-BF4B-00C04F79EFBC}") = "ColorPalette.Android", "ColorPalette.Android\ColorPalette.Android.csproj", "{7D0B8CFB-DAB4-43D0-AF27-002B9E9B5AED}"
EndProject
Project("{FAE04EC0-301F-11D3-BF4B-00C04F79EFBC}") = "ColorPalette.iOS", "ColorPalette.iOS\ColorPalette.iOS.csproj", "{C7C1DFBA-7B97-48C9-BF75-5C2BF476550C}"
EndProject
Project("{D954291E-2A0B-460D-934E-DC6B0785DB48}") = "ColorPalette", "ColorPalette\ColorPalette.shproj", "{C51E35ED-5A0D-4CDE-B489-06CE2253842D}"
EndProject
Global
	GlobalSection(SolutionConfigurationPlatforms) = preSolution
		Debug|Any CPU = Debug|Any CPU
		Release|Any CPU = Release|Any CPU
		Debug|iPhoneSimulator = Debug|iPhoneSimulator
		Release|iPhoneSimulator = Release|iPhoneSimulator
		Debug|iPhone = Debug|iPhone
		Release|iPhone = Release|iPhone
		Ad-Hoc|iPhone = Ad-Hoc|iPhone
		AppStore|iPhone = AppStore|iPhone
	EndGlobalSection
	GlobalSection(ProjectConfigurationPlatforms) = postSolution
		{7D0B8CFB-DAB4-43D0-AF27-002B9E9B5AED}.Debug|Any CPU.ActiveCfg = Debug|Any CPU
		{7D0B8CFB-DAB4-43D0-AF27-002B9E9B5AED}.Debug|Any CPU.Build.0 = Debug|Any CPU
		{7D0B8CFB-DAB4-43D0-AF27-002B9E9B5AED}.Release|Any CPU.ActiveCfg = Release|Any CPU
		{7D0B8CFB-DAB4-43D0-AF27-002B9E9B5AED}.Release|Any CPU.Build.0 = Release|Any CPU
		{7D0B8CFB-DAB4-43D0-AF27-002B9E9B5AED}.Debug|iPhoneSimulator.ActiveCfg = Debug|Any CPU
		{7D0B8CFB-DAB4-43D0-AF27-002B9E9B5AED}.Debug|iPhoneSimulator.Build.0 = Debug|Any CPU
		{7D0B8CFB-DAB4-43D0-AF27-002B9E9B5AED}.Release|iPhoneSimulator.ActiveCfg = Release|Any CPU
		{7D0B8CFB-DAB4-43D0-AF27-002B9E9B5AED}.Release|iPhoneSimulator.Build.0 = Release|Any CPU
		{7D0B8CFB-DAB4-43D0-AF27-002B9E9B5AED}.Debug|iPhone.ActiveCfg = Debug|Any CPU
		{7D0B8CFB-DAB4-43D0-AF27-002B9E9B5AED}.Debug|iPhone.Build.0 = Debug|Any CPU
		{7D0B8CFB-DAB4-43D0-AF27-002B9E9B5AED}.Release|iPhone.ActiveCfg = Release|Any CPU
		{7D0B8CFB-DAB4-43D0-AF27-002B9E9B5AED}.Release|iPhone.Build.0 = Release|Any CPU
		{7D0B8CFB-DAB4-43D0-AF27-002B9E9B5AED}.Ad-Hoc|iPhone.ActiveCfg = Debug|Any CPU
		{7D0B8CFB-DAB4-43D0-AF27-002B9E9B5AED}.Ad-Hoc|iPhone.Build.0 = Debug|Any CPU
		{7D0B8CFB-DAB4-43D0-AF27-002B9E9B5AED}.AppStore|iPhone.ActiveCfg = Debug|Any CPU
		{7D0B8CFB-DAB4-43D0-AF27-002B9E9B5AED}.AppStore|iPhone.Build.0 = Debug|Any CPU
		{C7C1DFBA-7B97-48C9-BF75-5C2BF476550C}.Debug|Any CPU.ActiveCfg = Debug|iPhoneSimulator
		{C7C1DFBA-7B97-48C9-BF75-5C2BF476550C}.Debug|Any CPU.Build.0 = Debug|iPhoneSimulator
		{C7C1DFBA-7B97-48C9-BF75-5C2BF476550C}.Release|Any CPU.ActiveCfg = Release|iPhoneSimulator
		{C7C1DFBA-7B97-48C9-BF75-5C2BF476550C}.Release|Any CPU.Build.0 = Release|iPhoneSimulator
		{C7C1DFBA-7B97-48C9-BF75-5C2BF476550C}.Debug|iPhoneSimulator.ActiveCfg = Debug|iPhoneSimulator
		{C7C1DFBA-7B97-48C9-BF75-5C2BF476550C}.Debug|iPhoneSimulator.Build.0 = Debug|iPhoneSimulator
		{C7C1DFBA-7B97-48C9-BF75-5C2BF476550C}.Release|iPhoneSimulator.ActiveCfg = Release|iPhoneSimulator
		{C7C1DFBA-7B97-48C9-BF75-5C2BF476550C}.Release|iPhoneSimulator.Build.0 = Release|iPhoneSimulator
		{C7C1DFBA-7B97-48C9-BF75-5C2BF476550C}.Debug|iPhone.ActiveCfg = Debug|iPhone
		{C7C1DFBA-7B97-48C9-BF75-5C2BF476550C}.Debug|iPhone.Build.0 = Debug|iPhone
		{C7C1DFBA-7B97-48C9-BF75-5C2BF476550C}.Release|iPhone.ActiveCfg = Release|iPhone
		{C7C1DFBA-7B97-48C9-BF75-5C2BF476550C}.Release|iPhone.Build.0 = Release|iPhone
		{C7C1DFBA-7B97-48C9-BF75-5C2BF476550C}.Ad-Hoc|iPhone.ActiveCfg = Ad-Hoc|iPhone
		{C7C1DFBA-7B97-48C9-BF75-5C2BF476550C}.Ad-Hoc|iPhone.Build.0 = Ad-Hoc|iPhone
		{C7C1DFBA-7B97-48C9-BF75-5C2BF476550C}.AppStore|iPhone.ActiveCfg = AppStore|iPhone
		{C7C1DFBA-7B97-48C9-BF75-5C2BF476550C}.AppStore|iPhone.Build.0 = AppStore|iPhone
	EndGlobalSection
EndGlobal
